
Microsoft Visual Studio Solution File, Format Version 12.00
# Visual Studio Version 16
VisualStudioVersion = 16.0.29728.190
MinimumVisualStudioVersion = 10.0.40219.1
Project("{FAE04EC0-301F-11D3-BF4B-00C04F79EFBC}") = "VeldridFormsSamples.UWP", "VeldridFormsSamples\VeldridFormsSamples.UWP\VeldridFormsSamples.UWP.csproj", "{4495F1C1-49FB-4331-9B17-0AAE1C12361E}"
EndProject
Project("{FAE04EC0-301F-11D3-BF4B-00C04F79EFBC}") = "VeldridFormsSamples.Android", "VeldridFormsSamples\VeldridFormsSamples.Android\VeldridFormsSamples.Android.csproj", "{28DA5CE8-8C77-41EB-8993-DC4CF4992842}"
EndProject
Project("{FAE04EC0-301F-11D3-BF4B-00C04F79EFBC}") = "VeldridFormsSamples.iOS", "VeldridFormsSamples\VeldridFormsSamples.iOS\VeldridFormsSamples.iOS.csproj", "{2C9EC14C-8767-44E7-AD3F-3628CD2FA3EB}"
EndProject
Project("{FAE04EC0-301F-11D3-BF4B-00C04F79EFBC}") = "VeldridFormsSamples", "VeldridFormsSamples\VeldridFormsSamples\VeldridFormsSamples.csproj", "{E6E95502-7CD8-4B76-8AD6-1E7F325AAA9B}"
EndProject
Project("{9A19103F-16F7-4668-BE54-9A1E7A4F7556}") = "VeldridFormsSamples.Desktop", "VeldridFormsSamples\VeldridFormsSamples.Desktop\VeldridFormsSamples.Desktop.csproj", "{33E75376-E354-42AC-B33C-4E0F4C576DF0}"
EndProject
Global
	GlobalSection(SolutionConfigurationPlatforms) = preSolution
		Debug|Any CPU = Debug|Any CPU
		Debug|ARM = Debug|ARM
		Debug|iPhone = Debug|iPhone
		Debug|iPhoneSimulator = Debug|iPhoneSimulator
		Debug|x64 = Debug|x64
		Debug|x86 = Debug|x86
		Release|Any CPU = Release|Any CPU
		Release|ARM = Release|ARM
		Release|iPhone = Release|iPhone
		Release|iPhoneSimulator = Release|iPhoneSimulator
		Release|x64 = Release|x64
		Release|x86 = Release|x86
	EndGlobalSection
	GlobalSection(ProjectConfigurationPlatforms) = postSolution
		{4495F1C1-49FB-4331-9B17-0AAE1C12361E}.Debug|Any CPU.ActiveCfg = Debug|x86
		{4495F1C1-49FB-4331-9B17-0AAE1C12361E}.Debug|ARM.ActiveCfg = Debug|ARM
		{4495F1C1-49FB-4331-9B17-0AAE1C12361E}.Debug|ARM.Build.0 = Debug|ARM
		{4495F1C1-49FB-4331-9B17-0AAE1C12361E}.Debug|ARM.Deploy.0 = Debug|ARM
		{4495F1C1-49FB-4331-9B17-0AAE1C12361E}.Debug|iPhone.ActiveCfg = Debug|x86
		{4495F1C1-49FB-4331-9B17-0AAE1C12361E}.Debug|iPhoneSimulator.ActiveCfg = Debug|x86
		{4495F1C1-49FB-4331-9B17-0AAE1C12361E}.Debug|x64.ActiveCfg = Debug|x64
		{4495F1C1-49FB-4331-9B17-0AAE1C12361E}.Debug|x64.Build.0 = Debug|x64
		{4495F1C1-49FB-4331-9B17-0AAE1C12361E}.Debug|x64.Deploy.0 = Debug|x64
		{4495F1C1-49FB-4331-9B17-0AAE1C12361E}.Debug|x86.ActiveCfg = Debug|x86
		{4495F1C1-49FB-4331-9B17-0AAE1C12361E}.Debug|x86.Build.0 = Debug|x86
		{4495F1C1-49FB-4331-9B17-0AAE1C12361E}.Debug|x86.Deploy.0 = Debug|x86
		{4495F1C1-49FB-4331-9B17-0AAE1C12361E}.Release|Any CPU.ActiveCfg = Release|x86
		{4495F1C1-49FB-4331-9B17-0AAE1C12361E}.Release|ARM.ActiveCfg = Release|ARM
		{4495F1C1-49FB-4331-9B17-0AAE1C12361E}.Release|ARM.Build.0 = Release|ARM
		{4495F1C1-49FB-4331-9B17-0AAE1C12361E}.Release|ARM.Deploy.0 = Release|ARM
		{4495F1C1-49FB-4331-9B17-0AAE1C12361E}.Release|iPhone.ActiveCfg = Release|x86
		{4495F1C1-49FB-4331-9B17-0AAE1C12361E}.Release|iPhoneSimulator.ActiveCfg = Release|x86
		{4495F1C1-49FB-4331-9B17-0AAE1C12361E}.Release|x64.ActiveCfg = Release|x64
		{4495F1C1-49FB-4331-9B17-0AAE1C12361E}.Release|x64.Build.0 = Release|x64
		{4495F1C1-49FB-4331-9B17-0AAE1C12361E}.Release|x64.Deploy.0 = Release|x64
		{4495F1C1-49FB-4331-9B17-0AAE1C12361E}.Release|x86.ActiveCfg = Release|x86
		{4495F1C1-49FB-4331-9B17-0AAE1C12361E}.Release|x86.Build.0 = Release|x86
		{4495F1C1-49FB-4331-9B17-0AAE1C12361E}.Release|x86.Deploy.0 = Release|x86
		{28DA5CE8-8C77-41EB-8993-DC4CF4992842}.Debug|Any CPU.ActiveCfg = Debug|Any CPU
		{28DA5CE8-8C77-41EB-8993-DC4CF4992842}.Debug|Any CPU.Build.0 = Debug|Any CPU
		{28DA5CE8-8C77-41EB-8993-DC4CF4992842}.Debug|Any CPU.Deploy.0 = Debug|Any CPU
		{28DA5CE8-8C77-41EB-8993-DC4CF4992842}.Debug|ARM.ActiveCfg = Debug|Any CPU
		{28DA5CE8-8C77-41EB-8993-DC4CF4992842}.Debug|ARM.Build.0 = Debug|Any CPU
		{28DA5CE8-8C77-41EB-8993-DC4CF4992842}.Debug|ARM.Deploy.0 = Debug|Any CPU
		{28DA5CE8-8C77-41EB-8993-DC4CF4992842}.Debug|iPhone.ActiveCfg = Debug|Any CPU
		{28DA5CE8-8C77-41EB-8993-DC4CF4992842}.Debug|iPhone.Build.0 = Debug|Any CPU
		{28DA5CE8-8C77-41EB-8993-DC4CF4992842}.Debug|iPhone.Deploy.0 = Debug|Any CPU
		{28DA5CE8-8C77-41EB-8993-DC4CF4992842}.Debug|iPhoneSimulator.ActiveCfg = Debug|Any CPU
		{28DA5CE8-8C77-41EB-8993-DC4CF4992842}.Debug|iPhoneSimulator.Build.0 = Debug|Any CPU
		{28DA5CE8-8C77-41EB-8993-DC4CF4992842}.Debug|iPhoneSimulator.Deploy.0 = Debug|Any CPU
		{28DA5CE8-8C77-41EB-8993-DC4CF4992842}.Debug|x64.ActiveCfg = Debug|Any CPU
		{28DA5CE8-8C77-41EB-8993-DC4CF4992842}.Debug|x64.Build.0 = Debug|Any CPU
		{28DA5CE8-8C77-41EB-8993-DC4CF4992842}.Debug|x64.Deploy.0 = Debug|Any CPU
		{28DA5CE8-8C77-41EB-8993-DC4CF4992842}.Debug|x86.ActiveCfg = Debug|Any CPU
		{28DA5CE8-8C77-41EB-8993-DC4CF4992842}.Debug|x86.Build.0 = Debug|Any CPU
		{28DA5CE8-8C77-41EB-8993-DC4CF4992842}.Debug|x86.Deploy.0 = Debug|Any CPU
		{28DA5CE8-8C77-41EB-8993-DC4CF4992842}.Release|Any CPU.ActiveCfg = Release|Any CPU
		{28DA5CE8-8C77-41EB-8993-DC4CF4992842}.Release|Any CPU.Build.0 = Release|Any CPU
		{28DA5CE8-8C77-41EB-8993-DC4CF4992842}.Release|Any CPU.Deploy.0 = Release|Any CPU
		{28DA5CE8-8C77-41EB-8993-DC4CF4992842}.Release|ARM.ActiveCfg = Release|Any CPU
		{28DA5CE8-8C77-41EB-8993-DC4CF4992842}.Release|ARM.Build.0 = Release|Any CPU
		{28DA5CE8-8C77-41EB-8993-DC4CF4992842}.Release|ARM.Deploy.0 = Release|Any CPU
		{28DA5CE8-8C77-41EB-8993-DC4CF4992842}.Release|iPhone.ActiveCfg = Release|Any CPU
		{28DA5CE8-8C77-41EB-8993-DC4CF4992842}.Release|iPhone.Build.0 = Release|Any CPU
		{28DA5CE8-8C77-41EB-8993-DC4CF4992842}.Release|iPhone.Deploy.0 = Release|Any CPU
		{28DA5CE8-8C77-41EB-8993-DC4CF4992842}.Release|iPhoneSimulator.ActiveCfg = Release|Any CPU
		{28DA5CE8-8C77-41EB-8993-DC4CF4992842}.Release|iPhoneSimulator.Build.0 = Release|Any CPU
		{28DA5CE8-8C77-41EB-8993-DC4CF4992842}.Release|iPhoneSimulator.Deploy.0 = Release|Any CPU
		{28DA5CE8-8C77-41EB-8993-DC4CF4992842}.Release|x64.ActiveCfg = Release|Any CPU
		{28DA5CE8-8C77-41EB-8993-DC4CF4992842}.Release|x64.Build.0 = Release|Any CPU
		{28DA5CE8-8C77-41EB-8993-DC4CF4992842}.Release|x64.Deploy.0 = Release|Any CPU
		{28DA5CE8-8C77-41EB-8993-DC4CF4992842}.Release|x86.ActiveCfg = Release|Any CPU
		{28DA5CE8-8C77-41EB-8993-DC4CF4992842}.Release|x86.Build.0 = Release|Any CPU
		{28DA5CE8-8C77-41EB-8993-DC4CF4992842}.Release|x86.Deploy.0 = Release|Any CPU
		{2C9EC14C-8767-44E7-AD3F-3628CD2FA3EB}.Debug|Any CPU.ActiveCfg = Debug|iPhone
		{2C9EC14C-8767-44E7-AD3F-3628CD2FA3EB}.Debug|ARM.ActiveCfg = Debug|iPhone
		{2C9EC14C-8767-44E7-AD3F-3628CD2FA3EB}.Debug|iPhone.ActiveCfg = Debug|iPhone
		{2C9EC14C-8767-44E7-AD3F-3628CD2FA3EB}.Debug|iPhone.Build.0 = Debug|iPhone
		{2C9EC14C-8767-44E7-AD3F-3628CD2FA3EB}.Debug|iPhoneSimulator.ActiveCfg = Debug|iPhoneSimulator
		{2C9EC14C-8767-44E7-AD3F-3628CD2FA3EB}.Debug|iPhoneSimulator.Build.0 = Debug|iPhoneSimulator
		{2C9EC14C-8767-44E7-AD3F-3628CD2FA3EB}.Debug|x64.ActiveCfg = Debug|iPhone
		{2C9EC14C-8767-44E7-AD3F-3628CD2FA3EB}.Debug|x86.ActiveCfg = Debug|iPhone
		{2C9EC14C-8767-44E7-AD3F-3628CD2FA3EB}.Release|Any CPU.ActiveCfg = Release|iPhone
		{2C9EC14C-8767-44E7-AD3F-3628CD2FA3EB}.Release|ARM.ActiveCfg = Release|iPhone
		{2C9EC14C-8767-44E7-AD3F-3628CD2FA3EB}.Release|iPhone.ActiveCfg = Release|iPhone
		{2C9EC14C-8767-44E7-AD3F-3628CD2FA3EB}.Release|iPhone.Build.0 = Release|iPhone
		{2C9EC14C-8767-44E7-AD3F-3628CD2FA3EB}.Release|iPhoneSimulator.ActiveCfg = Release|iPhoneSimulator
		{2C9EC14C-8767-44E7-AD3F-3628CD2FA3EB}.Release|iPhoneSimulator.Build.0 = Release|iPhoneSimulator
		{2C9EC14C-8767-44E7-AD3F-3628CD2FA3EB}.Release|x64.ActiveCfg = Release|iPhone
		{2C9EC14C-8767-44E7-AD3F-3628CD2FA3EB}.Release|x86.ActiveCfg = Release|iPhone
		{E6E95502-7CD8-4B76-8AD6-1E7F325AAA9B}.Debug|Any CPU.ActiveCfg = Debug|Any CPU
		{E6E95502-7CD8-4B76-8AD6-1E7F325AAA9B}.Debug|Any CPU.Build.0 = Debug|Any CPU
		{E6E95502-7CD8-4B76-8AD6-1E7F325AAA9B}.Debug|ARM.ActiveCfg = Debug|Any CPU
		{E6E95502-7CD8-4B76-8AD6-1E7F325AAA9B}.Debug|ARM.Build.0 = Debug|Any CPU
		{E6E95502-7CD8-4B76-8AD6-1E7F325AAA9B}.Debug|iPhone.ActiveCfg = Debug|Any CPU
		{E6E95502-7CD8-4B76-8AD6-1E7F325AAA9B}.Debug|iPhone.Build.0 = Debug|Any CPU
		{E6E95502-7CD8-4B76-8AD6-1E7F325AAA9B}.Debug|iPhoneSimulator.ActiveCfg = Debug|Any CPU
		{E6E95502-7CD8-4B76-8AD6-1E7F325AAA9B}.Debug|iPhoneSimulator.Build.0 = Debug|Any CPU
		{E6E95502-7CD8-4B76-8AD6-1E7F325AAA9B}.Debug|x64.ActiveCfg = Debug|Any CPU
		{E6E95502-7CD8-4B76-8AD6-1E7F325AAA9B}.Debug|x64.Build.0 = Debug|Any CPU
		{E6E95502-7CD8-4B76-8AD6-1E7F325AAA9B}.Debug|x86.ActiveCfg = Debug|Any CPU
		{E6E95502-7CD8-4B76-8AD6-1E7F325AAA9B}.Debug|x86.Build.0 = Debug|Any CPU
		{E6E95502-7CD8-4B76-8AD6-1E7F325AAA9B}.Release|Any CPU.ActiveCfg = Release|Any CPU
		{E6E95502-7CD8-4B76-8AD6-1E7F325AAA9B}.Release|Any CPU.Build.0 = Release|Any CPU
		{E6E95502-7CD8-4B76-8AD6-1E7F325AAA9B}.Release|ARM.ActiveCfg = Release|Any CPU
		{E6E95502-7CD8-4B76-8AD6-1E7F325AAA9B}.Release|ARM.Build.0 = Release|Any CPU
		{E6E95502-7CD8-4B76-8AD6-1E7F325AAA9B}.Release|iPhone.ActiveCfg = Release|Any CPU
		{E6E95502-7CD8-4B76-8AD6-1E7F325AAA9B}.Release|iPhone.Build.0 = Release|Any CPU
		{E6E95502-7CD8-4B76-8AD6-1E7F325AAA9B}.Release|iPhoneSimulator.ActiveCfg = Release|Any CPU
		{E6E95502-7CD8-4B76-8AD6-1E7F325AAA9B}.Release|iPhoneSimulator.Build.0 = Release|Any CPU
		{E6E95502-7CD8-4B76-8AD6-1E7F325AAA9B}.Release|x64.ActiveCfg = Release|Any CPU
		{E6E95502-7CD8-4B76-8AD6-1E7F325AAA9B}.Release|x64.Build.0 = Release|Any CPU
		{E6E95502-7CD8-4B76-8AD6-1E7F325AAA9B}.Release|x86.ActiveCfg = Release|Any CPU
		{E6E95502-7CD8-4B76-8AD6-1E7F325AAA9B}.Release|x86.Build.0 = Release|Any CPU
		{33E75376-E354-42AC-B33C-4E0F4C576DF0}.Debug|Any CPU.ActiveCfg = Debug|Any CPU
		{33E75376-E354-42AC-B33C-4E0F4C576DF0}.Debug|Any CPU.Build.0 = Debug|Any CPU
		{33E75376-E354-42AC-B33C-4E0F4C576DF0}.Debug|ARM.ActiveCfg = Debug|Any CPU
		{33E75376-E354-42AC-B33C-4E0F4C576DF0}.Debug|ARM.Build.0 = Debug|Any CPU
		{33E75376-E354-42AC-B33C-4E0F4C576DF0}.Debug|iPhone.ActiveCfg = Debug|Any CPU
		{33E75376-E354-42AC-B33C-4E0F4C576DF0}.Debug|iPhone.Build.0 = Debug|Any CPU
		{33E75376-E354-42AC-B33C-4E0F4C576DF0}.Debug|iPhoneSimulator.ActiveCfg = Debug|Any CPU
		{33E75376-E354-42AC-B33C-4E0F4C576DF0}.Debug|iPhoneSimulator.Build.0 = Debug|Any CPU
		{33E75376-E354-42AC-B33C-4E0F4C576DF0}.Debug|x64.ActiveCfg = Debug|Any CPU
		{33E75376-E354-42AC-B33C-4E0F4C576DF0}.Debug|x64.Build.0 = Debug|Any CPU
		{33E75376-E354-42AC-B33C-4E0F4C576DF0}.Debug|x86.ActiveCfg = Debug|Any CPU
		{33E75376-E354-42AC-B33C-4E0F4C576DF0}.Debug|x86.Build.0 = Debug|Any CPU
		{33E75376-E354-42AC-B33C-4E0F4C576DF0}.Release|Any CPU.ActiveCfg = Release|Any CPU
		{33E75376-E354-42AC-B33C-4E0F4C576DF0}.Release|Any CPU.Build.0 = Release|Any CPU
		{33E75376-E354-42AC-B33C-4E0F4C576DF0}.Release|ARM.ActiveCfg = Release|Any CPU
		{33E75376-E354-42AC-B33C-4E0F4C576DF0}.Release|ARM.Build.0 = Release|Any CPU
		{33E75376-E354-42AC-B33C-4E0F4C576DF0}.Release|iPhone.ActiveCfg = Release|Any CPU
		{33E75376-E354-42AC-B33C-4E0F4C576DF0}.Release|iPhone.Build.0 = Release|Any CPU
		{33E75376-E354-42AC-B33C-4E0F4C576DF0}.Release|iPhoneSimulator.ActiveCfg = Release|Any CPU
		{33E75376-E354-42AC-B33C-4E0F4C576DF0}.Release|iPhoneSimulator.Build.0 = Release|Any CPU
		{33E75376-E354-42AC-B33C-4E0F4C576DF0}.Release|x64.ActiveCfg = Release|Any CPU
		{33E75376-E354-42AC-B33C-4E0F4C576DF0}.Release|x64.Build.0 = Release|Any CPU
		{33E75376-E354-42AC-B33C-4E0F4C576DF0}.Release|x86.ActiveCfg = Release|Any CPU
		{33E75376-E354-42AC-B33C-4E0F4C576DF0}.Release|x86.Build.0 = Release|Any CPU
	EndGlobalSection
	GlobalSection(SolutionProperties) = preSolution
		HideSolutionNode = FALSE
	EndGlobalSection
	GlobalSection(ExtensibilityGlobals) = postSolution
		SolutionGuid = {968D82B7-3EFE-4DF5-9825-75DC906E0641}
	EndGlobalSection
EndGlobal
